schema: '2.0'
stages:
  data_ingestion:
    cmd: python src/KidneyDiseaseClassifier/pipeline/stage_01_data_ingestion.py
    deps:
    - path: config/config.yaml
      hash: md5
      md5: 1d9230ff5717e8431aa912f99995b9fd
      size: 580
    - path: src/KidneyDiseaseClassifier/pipeline/stage_01_data_ingestion.py
      hash: md5
      md5: 843f0d9dd0a211f5340ac4f0d674d5c8
      size: 938
    outs:
    - path: artifacts/data_ingestion/KidneyDisease Dataset
      hash: md5
      md5: 37515bb11b289cf75a2f07c53c8cceb9.dir
      size: 961115981
      nfiles: 7360
  prepare_base_model:
    cmd: python src/KidneyDiseaseClassifier/pipeline/stage_02_prepare_base_model.py
    deps:
    - path: config/config.yaml
      hash: md5
      md5: 1d9230ff5717e8431aa912f99995b9fd
      size: 580
    - path: src/KidneyDiseaseClassifier/pipeline/stage_02_prepare_base_model.py
      hash: md5
      md5: d32d2596a37c519730be0d0401835d86
      size: 972
    params:
      params.yaml:
        CLASSES: 2
        IMAGE_SIZE:
        - 224
        - 224
        - 3
        INCLUDE_TOP: false
        LEARNING_RATE: 0.01
        WEIGHTS: imagenet
    outs:
    - path: artifacts/prepare_base_model
      hash: md5
      md5: b3dd76d72978dd88735395b596784f30.dir
      size: 118054560
      nfiles: 2
  training:
    cmd: python src/KidneyDiseaseClassifier/pipeline/stage_03_model_training.py
    deps:
    - path: artifacts/data_ingestion/KidneyDisease Dataset
      hash: md5
      md5: 37515bb11b289cf75a2f07c53c8cceb9.dir
      size: 961115981
      nfiles: 7360
    - path: artifacts/prepare_base_model
      hash: md5
      md5: b3dd76d72978dd88735395b596784f30.dir
      size: 118054560
      nfiles: 2
    - path: config/config.yaml
      hash: md5
      md5: 1d9230ff5717e8431aa912f99995b9fd
      size: 580
    - path: src/KidneyDiseaseClassifier/pipeline/stage_03_model_training.py
      hash: md5
      md5: 1872a00e3e8d27ed5afb33a98805d22c
      size: 937
    params:
      params.yaml:
        AUGMENTATION: true
        BATCH_SIZE: 16
        EPOCHS: 3
        IMAGE_SIZE:
        - 224
        - 224
        - 3
    outs:
    - path: artifacts/training/model.h5
      hash: md5
      md5: bddee9ef92561cfa8f418417d21ca639
      size: 59337520
  evaluation:
    cmd: python src/KidneyDiseaseClassifier/pipeline/stage_04_model_evaluation.py
    deps:
    - path: artifacts/data_ingestion/KidneyDisease Dataset
      hash: md5
      md5: 37515bb11b289cf75a2f07c53c8cceb9.dir
      size: 961115981
      nfiles: 7360
    - path: artifacts/training/model.h5
      hash: md5
      md5: bddee9ef92561cfa8f418417d21ca639
      size: 59337520
    - path: config/config.yaml
      hash: md5
      md5: 1d9230ff5717e8431aa912f99995b9fd
      size: 580
    - path: src/KidneyDiseaseClassifier/pipeline/stage_04_model_evaluation.py
      hash: md5
      md5: dd04ac0da77c9225146f580dd39668b3
      size: 968
    params:
      params.yaml:
        BATCH_SIZE: 16
        IMAGE_SIZE:
        - 224
        - 224
        - 3
    outs:
    - path: scores.json
      hash: md5
      md5: d23aa008420553ffbab6bbfde0c96aad
      size: 73
